PODS:
  - Alamofire (4.7.0)
  - Locksmith (4.0.0)
  - MBProgressHUD (1.1.0)
  - ObjectMapper (3.1.0)
  - SwiftyJSON (4.0.0)

DEPENDENCIES:
  - Alamofire
  - Locksmith
  - MBProgressHUD
  - ObjectMapper
  - SwiftyJSON

SPEC CHECKSUMS:
  Alamofire: 907e0a98eb68cdb7f9d1f541a563d6ac5dc77b25
  Locksmith: e9bebbaaa4cee3c511bc358a44f843c3fe00e21f
  MBProgressHUD: e7baa36a220447d8aeb12769bf0585582f3866d9
  ObjectMapper: 20505058f54e5c3ca69e1d6de9897d152a5369a6
  SwiftyJSON: 070dabdcb1beb81b247c65ffa3a79dbbfb3b48aa

PODFILE CHECKSUM: eece434860f1db4c5728802e8e86a38742041591

COCOAPODS: 1.4.0
